// !$*UTF8*$!
{
	archiveVersion = 1;
	classes = {
	};
	objectVersion = 46;
	objects = {

/* Begin PBXBuildFile section */
		240064641EC3CF3E004BDA0C /* AppDelegate.swift in Sources */ = {isa = PBXBuildFile; fileRef = 240064631EC3CF3E004BDA0C /* AppDelegate.swift */; };
		240064661EC3CF3E004BDA0C /* ViewController.swift in Sources */ = {isa = PBXBuildFile; fileRef = 240064651EC3CF3E004BDA0C /* ViewController.swift */; };
		240064691EC3CF3E004BDA0C /* Main.storyboard in Resources */ = {isa = PBXBuildFile; fileRef = 240064671EC3CF3E004BDA0C /* Main.storyboard */; };
		2400646B1EC3CF3E004BDA0C /* Assets.xcassets in Resources */ = {isa = PBXBuildFile; fileRef = 2400646A1EC3CF3E004BDA0C /* Assets.xcassets */; };
		2400646E1EC3CF3E004BDA0C /* LaunchScreen.storyboard in Resources */ = {isa = PBXBuildFile; fileRef = 2400646C1EC3CF3E004BDA0C /* LaunchScreen.storyboard */; };
/* End PBXBuildFile section */

/* Begin PBXFileReference section */
		240064601EC3CF3E004BDA0C /* JavaScriptCore Alert Test.app */ = {isa = PBXFileReference; explicitFileType = wrapper.application; includeInIndex = 0; path = "JavaScriptCore Alert Test.app"; sourceTree = BUILT_PRODUCTS_DIR; };
		240064631EC3CF3E004BDA0C /* AppDelegate.swift */ = {isa = PBXFileReference; lastKnownFileType = sourcecode.swift; path = AppDelegate.swift; sourceTree = "<group>"; };
		240064651EC3CF3E004BDA0C /* ViewController.swift */ = {isa = PBXFileReference; lastKnownFileType = sourcecode.swift; path = ViewController.swift; sourceTree = "<group>"; };
		240064681EC3CF3E004BDA0C /* Base */ = {isa = PBXFileReference; lastKnownFileType = file.storyboard; name = Base; path = Base.lproj/Main.storyboard; sourceTree = "<group>"; };
		2400646A1EC3CF3E004BDA0C /* Assets.xcassets */ = {isa = PBXFileReference; lastKnownFileType = folder.assetcatalog; path = Assets.xcassets; sourceTree = "<group>"; };
		2400646D1EC3CF3E004BDA0C /* Base */ = {isa = PBXFileReference; lastKnownFileType = file.storyboard; name = Base; path = Base.lproj/LaunchScreen.storyboard; sourceTree = "<group>"; };
		2400646F1EC3CF3E004BDA0C /* Info.plist */ = {isa = PBXFileReference; lastKnownFileType = text.plist.xml; path = Info.plist; sourceTree = "<group>"; };
/* End PBXFileReference section */

/* Begin PBXFrameworksBuildPhase section */
		2400645D1EC3CF3E004BDA0C /* Frameworks */ = {
			isa = PBXFrameworksBuildPhase;
			buildActionMask = 2147483647;
			files = (
			);
			runOnlyForDeploymentPostprocessing = 0;
		};
/* End PBXFrameworksBuildPhase section */

/* Begin PBXGroup section */
		240064571EC3CF3E004BDA0C = {
			isa = PBXGroup;
			children = (
				240064621EC3CF3E004BDA0C /* JavaScriptCore Alert Test */,
				240064611EC3CF3E004BDA0C /* Products */,
			);
			sourceTree = "<group>";
		};
		240064611EC3CF3E004BDA0C /* Products */ = {
			isa = PBXGroup;
			children = (
				240064601EC3CF3E004BDA0C /* JavaScriptCore Alert Test.app */,
			);
			name = Products;
			sourceTree = "<group>";
		};
		240064621EC3CF3E004BDA0C /* JavaScriptCore Alert Test */ = {
			isa = PBXGroup;
			children = (
				240064631EC3CF3E004BDA0C /* AppDelegate.swift */,
				240064651EC3CF3E004BDA0C /* ViewController.swift */,
				240064671EC3CF3E004BDA0C /* Main.storyboard */,
				2400646A1EC3CF3E004BDA0C /* Assets.xcassets */,
				2400646C1EC3CF3E004BDA0C /* LaunchScreen.storyboard */,
				2400646F1EC3CF3E004BDA0C /* Info.plist */,
			);
			path = "JavaScriptCore Alert Test";
			sourceTree = "<group>";
		};
/* End PBXGroup section */

/* Begin PBXNativeTarget section */
		2400645F1EC3CF3E004BDA0C /* JavaScriptCore Alert Test */ = {
			isa = PBXNativeTarget;
			buildConfigurationList = 240064721EC3CF3E004BDA0C /* Build configuration list for PBXNativeTarget "JavaScriptCore Alert Test" */;
			buildPhases = (
				2400645C1EC3CF3E004BDA0C /* Sources */,
				2400645D1EC3CF3E004BDA0C /* Frameworks */,
				2400645E1EC3CF3E004BDA0C /* Resources */,
			);
			buildRules = (
			);
			dependencies = (
			);
			name = "JavaScriptCore Alert Test";
			productName = "JavaScriptCore Alert Test";
			productReference = 240064601EC3CF3E004BDA0C /* JavaScriptCore Alert Test.app */;
			productType = "com.apple.product-type.application";
		};
/* End PBXNativeTarget section */

/* Begin PBXProject section */
		240064581EC3CF3E004BDA0C /* Project object */ = {
			isa = PBXProject;
			attributes = {
				LastSwiftUpdateCheck = 0830;
				LastUpgradeCheck = 0830;
				ORGANIZATIONNAME = "Daniel Tull";
				TargetAttributes = {
					2400645F1EC3CF3E004BDA0C = {
						CreatedOnToolsVersion = 8.3.2;
						DevelopmentTeam = B2M757K4LG;
						ProvisioningStyle = Automatic;
					};
				};
			};
			buildConfigurationList = 2400645B1EC3CF3E004BDA0C /* Build configuration list for PBXProject "JavaScriptCore Alert Test" */;
			compatibilityVersion = "Xcode 3.2";
			developmentRegion = English;
			hasScannedForEncodings = 0;
			knownRegions = (
				en,
				Base,
			);
			mainGroup = 240064571EC3CF3E004BDA0C;
			productRefGroup = 240064611EC3CF3E004BDA0C /* Products */;
			projectDirPath = "";
			projectRoot = "";
			targets = (
				2400645F1EC3CF3E004BDA0C /* JavaScriptCore Alert Test */,
			);
		};
/* End PBXProject section */

/* Begin PBXResourcesBuildPhase section */
		2400645E1EC3CF3E004BDA0C /* Resources */ = {
			isa = PBXResourcesBuildPhase;
			buildActionMask = 2147483647;
			files = (
				2400646E1EC3CF3E004BDA0C /* LaunchScreen.storyboard in Resources */,
				2400646B1EC3CF3E004BDA0C /* Assets.xcassets in Resources */,
				240064691EC3CF3E004BDA0C /* Main.storyboard in Resources */,
			);
			runOnlyForDeploymentPostprocessing = 0;
		};
/* End PBXResourcesBuildPhase section */

/* Begin PBXSourcesBuildPhase section */
		2400645C1EC3CF3E004BDA0C /* Sources */ = {
			isa = PBXSourcesBuildPhase;
			buildActionMask = 2147483647;
			files = (
				240064661EC3CF3E004BDA0C /* ViewController.swift in Sources */,
				240064641EC3CF3E004BDA0C /* AppDelegate.swift in Sources */,
			);
			runOnlyForDeploymentPostprocessing = 0;
		};
/* End PBXSourcesBuildPhase section */

/* Begin PBXVariantGroup section */
		240064671EC3CF3E004BDA0C /* Main.storyboard */ = {
			isa = PBXVariantGroup;
			children = (
				240064681EC3CF3E004BDA0C /* Base */,
			);
			name = Main.storyboard;
			sourceTree = "<group>";
		};
		2400646C1EC3CF3E004BDA0C /* LaunchScreen.storyboard */ = {
			isa = PBXVariantGroup;
			children = (
				2400646D1EC3CF3E004BDA0C /* Base */,
			);
			name = LaunchScreen.storyboard;
			sourceTree = "<group>";
		};
/* End PBXVariantGroup section */

/* Begin XCBuildConfiguration section */
		240064701EC3CF3E004BDA0C /* Debug */ = {
			isa = XCBuildConfiguration;
			buildSettings = {
				ALWAYS_SEARCH_USER_PATHS = NO;
				CLANG_ANALYZER_NONNULL = YES;
				CLANG_ANALYZER_NUMBER_OBJECT_CONVERSION = YES_AGGRESSIVE;
				CLANG_CXX_LANGUAGE_STANDARD = "gnu++0x";
				CLANG_CXX_LIBRARY = "libc++";
				CLANG_ENABLE_MODULES = YES;
				CLANG_ENABLE_OBJC_ARC = YES;
				CLANG_WARN_BOOL_CONVERSION = YES;
				CLANG_WARN_CONSTANT_CONVERSION = YES;
				CLANG_WARN_DIRECT_OBJC_ISA_USAGE = YES_ERROR;
				CLANG_WARN_DOCUMENTATION_COMMENTS = YES;
				CLANG_WARN_EMPTY_BODY = YES;
				CLANG_WARN_ENUM_CONVERSION = YES;
				CLANG_WARN_INFINITE_RECURSION = YES;
				CLANG_WARN_INT_CONVERSION = YES;
				CLANG_WARN_OBJC_ROOT_CLASS = YES_ERROR;
				CLANG_WARN_SUSPICIOUS_MOVE = YES;
				CLANG_WARN_UNREACHABLE_CODE = YES;
				CLANG_WARN__DUPLICATE_METHOD_MATCH = YES;
				"CODE_SIGN_IDENTITY[sdk=iphoneos*]" = "iPhone Developer";
				COPY_PHASE_STRIP = NO;
				DEBUG_INFORMATION_FORMAT = dwarf;
				ENABLE_STRICT_OBJC_MSGSEND = YES;
				ENABLE_TESTABILITY = YES;
				GCC_C_LANGUAGE_STANDARD = gnu99;
				GCC_DYNAMIC_NO_PIC = NO;
				GCC_NO_COMMON_BLOCKS = YES;
				GCC_OPTIMIZATION_LEVEL = 0;
				GCC_PREPROCESSOR_DEFINITIONS = (
					"DEBUG=1",
					"$(inherited)",
				);
				GCC_WARN_64_TO_32_BIT_CONVERSION = YES;
				GCC_WARN_ABOUT_RETURN_TYPE = YES_ERROR;
				GCC_WARN_UNDECLARED_SELECTOR = YES;
				GCC_WARN_UNINITIALIZED_AUTOS = YES_AGGRESSIVE;
				GCC_WARN_UNUSED_FUNCTION = YES;
				GCC_WARN_UNUSED_VARIABLE = YES;
				IPHONEOS_DEPLOYMENT_TARGET = 10.3;
				MTL_ENABLE_DEBUG_INFO = YES;
				ONLY_ACTIVE_ARCH = YES;
				SDKROOT = iphoneos;
				SWIFT_ACTIVE_COMPILATION_CONDITIONS = DEBUG;
				SWIFT_OPTIMIZATION_LEVEL = "-Onone";
				TARGETED_DEVICE_FAMILY = "1,2";
			};
			name = Debug;
		};
		240064711EC3CF3E004BDA0C /* Release */ = {
			isa = XCBuildConfiguration;
			buildSettings = {
				ALWAYS_SEARCH_USER_PATHS = NO;
				CLANG_ANALYZER_NONNULL = YES;
				CLANG_ANALYZER_NUMBER_OBJECT_CONVERSION = YES_AGGRESSIVE;
				CLANG_CXX_LANGUAGE_STANDARD = "gnu++0x";
				CLANG_CXX_LIBRARY = "libc++";
				CLANG_ENABLE_MODULES = YES;
				CLANG_ENABLE_OBJC_ARC = YES;
				CLANG_WARN_BOOL_CONVERSION = YES;
				CLANG_WARN_CONSTANT_CONVERSION = YES;
				CLANG_WARN_DIRECT_OBJC_ISA_USAGE = YES_ERROR;
				CLANG_WARN_DOCUMENTATION_COMMENTS = YES;
				CLANG_WARN_EMPTY_BODY = YES;
				CLANG_WARN_ENUM_CONVERSION = YES;
				CLANG_WARN_INFINITE_RECURSION = YES;
				CLANG_WARN_INT_CONVERSION = YES;
				CLANG_WARN_OBJC_ROOT_CLASS = YES_ERROR;
				CLANG_WARN_SUSPICIOUS_MOVE = YES;
				CLANG_WARN_UNREACHABLE_CODE = YES;
				CLANG_WARN__DUPLICATE_METHOD_MATCH = YES;
				"CODE_SIGN_IDENTITY[sdk=iphoneos*]" = "iPhone Developer";
				COPY_PHASE_STRIP = NO;
				DEBUG_INFORMATION_FORMAT = "dwarf-with-dsym";
				ENABLE_NS_ASSERTIONS = NO;
				ENABLE_STRICT_OBJC_MSGSEND = YES;
				GCC_C_LANGUAGE_STANDARD = gnu99;
				GCC_NO_COMMON_BLOCKS = YES;
				GCC_WARN_64_TO_32_BIT_CONVERSION = YES;
				GCC_WARN_ABOUT_RETURN_TYPE = YES_ERROR;
				GCC_WARN_UNDECLARED_SELECTOR = YES;
				GCC_WARN_UNINITIALIZED_AUTOS = YES_AGGRESSIVE;
				GCC_WARN_UNUSED_FUNCTION = YES;
				GCC_WARN_UNUSED_VARIABLE = YES;
				IPHONEOS_DEPLOYMENT_TARGET = 10.3;
				MTL_ENABLE_DEBUG_INFO = NO;
				SDKROOT = iphoneos;
				SWIFT_OPTIMIZATION_LEVEL = "-Owholemodule";
				TARGETED_DEVICE_FAMILY = "1,2";
				VALIDATE_PRODUCT = YES;
			};
			name = Release;
		};
		240064731EC3CF3E004BDA0C /* Debug */ = {
			isa = XCBuildConfiguration;
			buildSettings = {
				ASSETCATALOG_COMPILER_APPICON_NAME = AppIcon;
				DEVELOPMENT_TEAM = B2M757K4LG;
				INFOPLIST_FILE = "JavaScriptCore Alert Test/Info.plist";
				LD_RUNPATH_SEARCH_PATHS = "$(inherited) @executable_path/Frameworks";
				PRODUCT_BUNDLE_IDENTIFIER = "uk.co.danieltull.JavaScriptCore-Alert-Test";
				PRODUCT_NAME = "$(TARGET_NAME)";
				SWIFT_VERSION = 3.0;
			};
			name = Debug;
		};
		240064741EC3CF3E004BDA0C /* Release */ = {
			isa = XCBuildConfiguration;
			buildSettings = {
				ASSETCATALOG_COMPILER_APPICON_NAME = AppIcon;
				DEVELOPMENT_TEAM = B2M757K4LG;
				INFOPLIST_FILE = "JavaScriptCore Alert Test/Info.plist";
				LD_RUNPATH_SEARCH_PATHS = "$(inherited) @executable_path/Frameworks";
				PRODUCT_BUNDLE_IDENTIFIER = "uk.co.danieltull.JavaScriptCore-Alert-Test";
				PRODUCT_NAME = "$(TARGET_NAME)";
				SWIFT_VERSION = 3.0;
			};
			name = Release;
		};
/* End XCBuildConfiguration section */

/* Begin XCConfigurationList section */
		2400645B1EC3CF3E004BDA0C /* Build configuration list for PBXProject "JavaScriptCore Alert Test" */ = {
			isa = XCConfigurationList;
			buildConfigurations = (
				240064701EC3CF3E004BDA0C /* Debug */,
				240064711EC3CF3E004BDA0C /* Release */,
			);
			defaultConfigurationIsVisible = 0;
			defaultConfigurationName = Release;
		};
		240064721EC3CF3E004BDA0C /* Build configuration list for PBXNativeTarget "JavaScriptCore Alert Test" */ = {
			isa = XCConfigurationList;
			buildConfigurations = (
				240064731EC3CF3E004BDA0C /* Debug */,
				240064741EC3CF3E004BDA0C /* Release */,
			);
			defaultConfigurationIsVisible = 0;
		};
/* End XCConfigurationList section */
	};
	rootObject = 240064581EC3CF3E004BDA0C /* Project object */;
}
